
Microsoft Visual Studio Solution File, Format Version 12.00
# Visual Studio Version 17
VisualStudioVersion = 17.7.34031.279
MinimumVisualStudioVersion = 10.0.40219.1
Project("{FAE04EC0-301F-11D3-BF4B-00C04F79EFBC}") = "PMPHF006_JQ8Z8Z", "PMPHF006_JQ8Z8Z\PMPHF006_JQ8Z8Z.csproj", "{ED8E4FAF-0B87-4384-A36E-287AF42B05C7}"
EndProject
Global
	GlobalSection(SolutionConfigurationPlatforms) = preSolution
		Debug|Any CPU = Debug|Any CPU
		Release|Any CPU = Release|Any CPU
	EndGlobalSection
	GlobalSection(ProjectConfigurationPlatforms) = postSolution
		{ED8E4FAF-0B87-4384-A36E-287AF42B05C7}.Debug|Any CPU.ActiveCfg = Debug|Any CPU
		{ED8E4FAF-0B87-4384-A36E-287AF42B05C7}.Debug|Any CPU.Build.0 = Debug|Any CPU
		{ED8E4FAF-0B87-4384-A36E-287AF42B05C7}.Release|Any CPU.ActiveCfg = Release|Any CPU
		{ED8E4FAF-0B87-4384-A36E-287AF42B05C7}.Release|Any CPU.Build.0 = Release|Any CPU
	EndGlobalSection
	GlobalSection(SolutionProperties) = preSolution
		HideSolutionNode = FALSE
	EndGlobalSection
	GlobalSection(ExtensibilityGlobals) = postSolution
		SolutionGuid = {50761D70-33F5-4FF7-9CAA-67E074CBAF75}
	EndGlobalSection
EndGlobal
